// !$*UTF8*$!
{
	archiveVersion = 1;
	classes = {
	};
	objectVersion = 50;
	objects = {

/* Begin PBXBuildFile section */
		DB2FCFEA265E2014001A6F21 /* KartData.json in Resources */ = {isa = PBXBuildFile; fileRef = DB2FCFE9265E2014001A6F21 /* KartData.json */; };
		DB2FCFEC265E26B7001A6F21 /* KartStoryboard.storyboard in Resources */ = {isa = PBXBuildFile; fileRef = DB2FCFEB265E26B7001A6F21 /* KartStoryboard.storyboard */; };
		DB2FCFF3265E2A90001A6F21 /* KartTableViewController.swift in Sources */ = {isa = PBXBuildFile; fileRef = DB2FCFF2265E2A90001A6F21 /* KartTableViewController.swift */; };
		DB2FCFF7265E3810001A6F21 /* KartCell.swift in Sources */ = {isa = PBXBuildFile; fileRef = DB2FCFF5265E3810001A6F21 /* KartCell.swift */; };
		DB2FCFF8265E3810001A6F21 /* KartCell.xib in Resources */ = {isa = PBXBuildFile; fileRef = DB2FCFF6265E3810001A6F21 /* KartCell.xib */; };
		DB2FCFFB265E4A34001A6F21 /* KartModel.swift in Sources */ = {isa = PBXBuildFile; fileRef = DB2FCFFA265E4A34001A6F21 /* KartModel.swift */; };
		DB2FCFFD265E4B61001A6F21 /* KartViewModel.swift in Sources */ = {isa = PBXBuildFile; fileRef = DB2FCFFC265E4B61001A6F21 /* KartViewModel.swift */; };
		DB2FCFFF265E6973001A6F21 /* KartInfoTableViewController.swift in Sources */ = {isa = PBXBuildFile; fileRef = DB2FCFFE265E6973001A6F21 /* KartInfoTableViewController.swift */; };
		DB2FD002265E7CB7001A6F21 /* MainTabController.swift in Sources */ = {isa = PBXBuildFile; fileRef = DB2FD001265E7CB7001A6F21 /* MainTabController.swift */; };
		DB2FD05F265E8816001A6F21 /* Colan_Kart.xcdatamodeld in Sources */ = {isa = PBXBuildFile; fileRef = DB2FD05D265E8816001A6F21 /* Colan_Kart.xcdatamodeld */; };
		DB2FD06B265E8DDA001A6F21 /* LoginViewController.swift in Sources */ = {isa = PBXBuildFile; fileRef = DB2FD06A265E8DDA001A6F21 /* LoginViewController.swift */; };
		DB2FD06E265E8E35001A6F21 /* Extensions.swift in Sources */ = {isa = PBXBuildFile; fileRef = DB2FD06D265E8E35001A6F21 /* Extensions.swift */; };
		DB2FD070265E8EE2001A6F21 /* AuthenticationViewModel.swift in Sources */ = {isa = PBXBuildFile; fileRef = DB2FD06F265E8EE2001A6F21 /* AuthenticationViewModel.swift */; };
		DB2FD072265E9627001A6F21 /* RegistrationViewController.swift in Sources */ = {isa = PBXBuildFile; fileRef = DB2FD071265E9627001A6F21 /* RegistrationViewController.swift */; };
		DB926661265D171500E794EE /* AppDelegate.swift in Sources */ = {isa = PBXBuildFile; fileRef = DB926660265D171500E794EE /* AppDelegate.swift */; };
		DB926663265D171500E794EE /* SceneDelegate.swift in Sources */ = {isa = PBXBuildFile; fileRef = DB926662265D171500E794EE /* SceneDelegate.swift */; };
		DB926665265D171500E794EE /* ProfileViewController.swift in Sources */ = {isa = PBXBuildFile; fileRef = DB926664265D171500E794EE /* ProfileViewController.swift */; };
		DB926668265D171500E794EE /* Profile.storyboard in Resources */ = {isa = PBXBuildFile; fileRef = DB926666265D171500E794EE /* Profile.storyboard */; };
		DB92666A265D171700E794EE /* Assets.xcassets in Resources */ = {isa = PBXBuildFile; fileRef = DB926669265D171700E794EE /* Assets.xcassets */; };
		DB92666D265D171700E794EE /* LaunchScreen.storyboard in Resources */ = {isa = PBXBuildFile; fileRef = DB92666B265D171700E794EE /* LaunchScreen.storyboard */; };
		DB92667F265D2C8400E794EE /* ProfileViewModel.swift in Sources */ = {isa = PBXBuildFile; fileRef = DB92667E265D2C8400E794EE /* ProfileViewModel.swift */; };
		DB926681265D2CCE00E794EE /* ProfileModel.swift in Sources */ = {isa = PBXBuildFile; fileRef = DB926680265D2CCE00E794EE /* ProfileModel.swift */; };
		DB926683265D314400E794EE /* ProfileWebService.swift in Sources */ = {isa = PBXBuildFile; fileRef = DB926682265D314400E794EE /* ProfileWebService.swift */; };
		DB926685265D3C3A00E794EE /* Constants.swift in Sources */ = {isa = PBXBuildFile; fileRef = DB926684265D3C3A00E794EE /* Constants.swift */; };
/* End PBXBuildFile section */

/* Begin PBXFileReference section */
		DB2FCFE9265E2014001A6F21 /* KartData.json */ = {isa = PBXFileReference; lastKnownFileType = text.json; path = KartData.json; sourceTree = "<group>"; };
		DB2FCFEB265E26B7001A6F21 /* KartStoryboard.storyboard */ = {isa = PBXFileReference; lastKnownFileType = file.storyboard; path = KartStoryboard.storyboard; sourceTree = "<group>"; };
		DB2FCFF2265E2A90001A6F21 /* KartTableViewController.swift */ = {isa = PBXFileReference; lastKnownFileType = sourcecode.swift; path = KartTableViewController.swift; sourceTree = "<group>"; };
		DB2FCFF5265E3810001A6F21 /* KartCell.swift */ = {isa = PBXFileReference; lastKnownFileType = sourcecode.swift; path = KartCell.swift; sourceTree = "<group>"; };
		DB2FCFF6265E3810001A6F21 /* KartCell.xib */ = {isa = PBXFileReference; lastKnownFileType = file.xib; path = KartCell.xib; sourceTree = "<group>"; };
		DB2FCFFA265E4A34001A6F21 /* KartModel.swift */ = {isa = PBXFileReference; lastKnownFileType = sourcecode.swift; path = KartModel.swift; sourceTree = "<group>"; };
		DB2FCFFC265E4B61001A6F21 /* KartViewModel.swift */ = {isa = PBXFileReference; lastKnownFileType = sourcecode.swift; path = KartViewModel.swift; sourceTree = "<group>"; };
		DB2FCFFE265E6973001A6F21 /* KartInfoTableViewController.swift */ = {isa = PBXFileReference; lastKnownFileType = sourcecode.swift; path = KartInfoTableViewController.swift; sourceTree = "<group>"; };
		DB2FD001265E7CB7001A6F21 /* MainTabController.swift */ = {isa = PBXFileReference; lastKnownFileType = sourcecode.swift; path = MainTabController.swift; sourceTree = "<group>"; };
		DB2FD05E265E8816001A6F21 /* Colan_Kart.xcdatamodel */ = {isa = PBXFileReference; lastKnownFileType = wrapper.xcdatamodel; path = Colan_Kart.xcdatamodel; sourceTree = "<group>"; };
		DB2FD06A265E8DDA001A6F21 /* LoginViewController.swift */ = {isa = PBXFileReference; lastKnownFileType = sourcecode.swift; path = LoginViewController.swift; sourceTree = "<group>"; };
		DB2FD06D265E8E35001A6F21 /* Extensions.swift */ = {isa = PBXFileReference; lastKnownFileType = sourcecode.swift; path = Extensions.swift; sourceTree = "<group>"; };
		DB2FD06F265E8EE2001A6F21 /* AuthenticationViewModel.swift */ = {isa = PBXFileReference; lastKnownFileType = sourcecode.swift; path = AuthenticationViewModel.swift; sourceTree = "<group>"; };
		DB2FD071265E9627001A6F21 /* RegistrationViewController.swift */ = {isa = PBXFileReference; lastKnownFileType = sourcecode.swift; path = RegistrationViewController.swift; sourceTree = "<group>"; };
		DB92665D265D171500E794EE /* Colan_Kart.app */ = {isa = PBXFileReference; explicitFileType = wrapper.application; includeInIndex = 0; path = Colan_Kart.app; sourceTree = BUILT_PRODUCTS_DIR; };
		DB926660265D171500E794EE /* AppDelegate.swift */ = {isa = PBXFileReference; lastKnownFileType = sourcecode.swift; path = AppDelegate.swift; sourceTree = "<group>"; };
		DB926662265D171500E794EE /* SceneDelegate.swift */ = {isa = PBXFileReference; lastKnownFileType = sourcecode.swift; path = SceneDelegate.swift; sourceTree = "<group>"; };
		DB926664265D171500E794EE /* ProfileViewController.swift */ = {isa = PBXFileReference; lastKnownFileType = sourcecode.swift; path = ProfileViewController.swift; sourceTree = "<group>"; };
		DB926667265D171500E794EE /* Base */ = {isa = PBXFileReference; lastKnownFileType = file.storyboard; name = Base; path = Base.lproj/Profile.storyboard; sourceTree = "<group>"; };
		DB926669265D171700E794EE /* Assets.xcassets */ = {isa = PBXFileReference; lastKnownFileType = folder.assetcatalog; path = Assets.xcassets; sourceTree = "<group>"; };
		DB92666C265D171700E794EE /* Base */ = {isa = PBXFileReference; lastKnownFileType = file.storyboard; name = Base; path = Base.lproj/LaunchScreen.storyboard; sourceTree = "<group>"; };
		DB92666E265D171700E794EE /* Info.plist */ = {isa = PBXFileReference; lastKnownFileType = text.plist.xml; path = Info.plist; sourceTree = "<group>"; };
		DB92667E265D2C8400E794EE /* ProfileViewModel.swift */ = {isa = PBXFileReference; lastKnownFileType = sourcecode.swift; path = ProfileViewModel.swift; sourceTree = "<group>"; };
		DB926680265D2CCE00E794EE /* ProfileModel.swift */ = {isa = PBXFileReference; lastKnownFileType = sourcecode.swift; path = ProfileModel.swift; sourceTree = "<group>"; };
		DB926682265D314400E794EE /* ProfileWebService.swift */ = {isa = PBXFileReference; lastKnownFileType = sourcecode.swift; path = ProfileWebService.swift; sourceTree = "<group>"; };
		DB926684265D3C3A00E794EE /* Constants.swift */ = {isa = PBXFileReference; lastKnownFileType = sourcecode.swift; path = Constants.swift; sourceTree = "<group>"; };
/* End PBXFileReference section */

/* Begin PBXFrameworksBuildPhase section */
		DB92665A265D171500E794EE /* Frameworks */ = {
			isa = PBXFrameworksBuildPhase;
			buildActionMask = 2147483647;
			files = (
			);
			runOnlyForDeploymentPostprocessing = 0;
		};
/* End PBXFrameworksBuildPhase section */

/* Begin PBXGroup section */
		DB2FCFF4265E2A9B001A6F21 /* Kart */ = {
			isa = PBXGroup;
			children = (
				DB2FCFF2265E2A90001A6F21 /* KartTableViewController.swift */,
				DB2FCFFE265E6973001A6F21 /* KartInfoTableViewController.swift */,
			);
			path = Kart;
			sourceTree = "<group>";
		};
		DB2FCFF9265E3845001A6F21 /* Cells */ = {
			isa = PBXGroup;
			children = (
				DB2FCFF5265E3810001A6F21 /* KartCell.swift */,
				DB2FCFF6265E3810001A6F21 /* KartCell.xib */,
			);
			path = Cells;
			sourceTree = "<group>";
		};
		DB2FD000265E7BB4001A6F21 /* Datas */ = {
			isa = PBXGroup;
			children = (
				DB2FCFE9265E2014001A6F21 /* KartData.json */,
			);
			path = Datas;
			sourceTree = "<group>";
		};
		DB2FD069265E8DC9001A6F21 /* Authentication */ = {
			isa = PBXGroup;
			children = (
				DB2FD06A265E8DDA001A6F21 /* LoginViewController.swift */,
				DB2FD071265E9627001A6F21 /* RegistrationViewController.swift */,
			);
			path = Authentication;
			sourceTree = "<group>";
		};
		DB2FD06C265E8E26001A6F21 /* Extensions */ = {
			isa = PBXGroup;
			children = (
				DB2FD06D265E8E35001A6F21 /* Extensions.swift */,
			);
			path = Extensions;
			sourceTree = "<group>";
		};
		DB926654265D171500E794EE = {
			isa = PBXGroup;
			children = (
				DB92665F265D171500E794EE /* Colan_Kart */,
				DB92665E265D171500E794EE /* Products */,
			);
			sourceTree = "<group>";
		};
		DB92665E265D171500E794EE /* Products */ = {
			isa = PBXGroup;
			children = (
				DB92665D265D171500E794EE /* Colan_Kart.app */,
			);
			name = Products;
			sourceTree = "<group>";
		};
		DB92665F265D171500E794EE /* Colan_Kart */ = {
			isa = PBXGroup;
			children = (
				DB2FD05D265E8816001A6F21 /* Colan_Kart.xcdatamodeld */,
				DB2FD06C265E8E26001A6F21 /* Extensions */,
				DB2FD000265E7BB4001A6F21 /* Datas */,
				DB926679265D178000E794EE /* Web Services */,
				DB926678265D177700E794EE /* Utils */,
				DB926677265D176900E794EE /* Models */,
				DB2FCFF9265E3845001A6F21 /* Cells */,
				DB926676265D175E00E794EE /* View Models */,
				DB926675265D175500E794EE /* Controllers */,
				DB926674265D173100E794EE /* Views */,
				DB926660265D171500E794EE /* AppDelegate.swift */,
				DB926662265D171500E794EE /* SceneDelegate.swift */,
				DB926669265D171700E794EE /* Assets.xcassets */,
				DB92666E265D171700E794EE /* Info.plist */,
			);
			path = Colan_Kart;
			sourceTree = "<group>";
		};
		DB926674265D173100E794EE /* Views */ = {
			isa = PBXGroup;
			children = (
				DB92666B265D171700E794EE /* LaunchScreen.storyboard */,
				DB92667D265D2C0C00E794EE /* Storyboards */,
			);
			path = Views;
			sourceTree = "<group>";
		};
		DB926675265D175500E794EE /* Controllers */ = {
			isa = PBXGroup;
			children = (
				DB2FD069265E8DC9001A6F21 /* Authentication */,
				DB92667C265D2BE200E794EE /* Profile */,
				DB2FCFF4265E2A9B001A6F21 /* Kart */,
				DB2FD001265E7CB7001A6F21 /* MainTabController.swift */,
			);
			path = Controllers;
			sourceTree = "<group>";
		};
		DB926676265D175E00E794EE /* View Models */ = {
			isa = PBXGroup;
			children = (
				DB92667E265D2C8400E794EE /* ProfileViewModel.swift */,
				DB2FCFFC265E4B61001A6F21 /* KartViewModel.swift */,
				DB2FD06F265E8EE2001A6F21 /* AuthenticationViewModel.swift */,
			);
			path = "View Models";
			sourceTree = "<group>";
		};
		DB926677265D176900E794EE /* Models */ = {
			isa = PBXGroup;
			children = (
				DB926680265D2CCE00E794EE /* ProfileModel.swift */,
				DB2FCFFA265E4A34001A6F21 /* KartModel.swift */,
			);
			path = Models;
			sourceTree = "<group>";
		};
		DB926678265D177700E794EE /* Utils */ = {
			isa = PBXGroup;
			children = (
				DB926684265D3C3A00E794EE /* Constants.swift */,
			);
			path = Utils;
			sourceTree = "<group>";
		};
		DB926679265D178000E794EE /* Web Services */ = {
			isa = PBXGroup;
			children = (
				DB926682265D314400E794EE /* ProfileWebService.swift */,
			);
			path = "Web Services";
			sourceTree = "<group>";
		};
		DB92667C265D2BE200E794EE /* Profile */ = {
			isa = PBXGroup;
			children = (
				DB926664265D171500E794EE /* ProfileViewController.swift */,
			);
			path = Profile;
			sourceTree = "<group>";
		};
		DB92667D265D2C0C00E794EE /* Storyboards */ = {
			isa = PBXGroup;
			children = (
				DB926666265D171500E794EE /* Profile.storyboard */,
				DB2FCFEB265E26B7001A6F21 /* KartStoryboard.storyboard */,
			);
			path = Storyboards;
			sourceTree = "<group>";
		};
/* End PBXGroup section */

/* Begin PBXNativeTarget section */
		DB92665C265D171500E794EE /* Colan_Kart */ = {
			isa = PBXNativeTarget;
			buildConfigurationList = DB926671265D171700E794EE /* Build configuration list for PBXNativeTarget "Colan_Kart" */;
			buildPhases = (
				DB926659265D171500E794EE /* Sources */,
				DB92665A265D171500E794EE /* Frameworks */,
				DB92665B265D171500E794EE /* Resources */,
			);
			buildRules = (
			);
			dependencies = (
			);
			name = Colan_Kart;
			productName = Colan_Kart;
			productReference = DB92665D265D171500E794EE /* Colan_Kart.app */;
			productType = "com.apple.product-type.application";
		};
/* End PBXNativeTarget section */

/* Begin PBXProject section */
		DB926655265D171500E794EE /* Project object */ = {
			isa = PBXProject;
			attributes = {
				LastSwiftUpdateCheck = 1250;
				LastUpgradeCheck = 1250;
				TargetAttributes = {
					DB92665C265D171500E794EE = {
						CreatedOnToolsVersion = 12.5;
					};
				};
			};
			buildConfigurationList = DB926658265D171500E794EE /* Build configuration list for PBXProject "Colan_Kart" */;
			compatibilityVersion = "Xcode 9.3";
			developmentRegion = en;
			hasScannedForEncodings = 0;
			knownRegions = (
				en,
				Base,
			);
			mainGroup = DB926654265D171500E794EE;
			productRefGroup = DB92665E265D171500E794EE /* Products */;
			projectDirPath = "";
			projectRoot = "";
			targets = (
				DB92665C265D171500E794EE /* Colan_Kart */,
			);
		};
/* End PBXProject section */

/* Begin PBXResourcesBuildPhase section */
		DB92665B265D171500E794EE /* Resources */ = {
			isa = PBXResourcesBuildPhase;
			buildActionMask = 2147483647;
			files = (
				DB92666D265D171700E794EE /* LaunchScreen.storyboard in Resources */,
				DB2FCFF8265E3810001A6F21 /* KartCell.xib in Resources */,
				DB92666A265D171700E794EE /* Assets.xcassets in Resources */,
				DB926668265D171500E794EE /* Profile.storyboard in Resources */,
				DB2FCFEA265E2014001A6F21 /* KartData.json in Resources */,
				DB2FCFEC265E26B7001A6F21 /* KartStoryboard.storyboard in Resources */,
			);
			runOnlyForDeploymentPostprocessing = 0;
		};
/* End PBXResourcesBuildPhase section */

/* Begin PBXSourcesBuildPhase section */
		DB926659265D171500E794EE /* Sources */ = {
			isa = PBXSourcesBuildPhase;
			buildActionMask = 2147483647;
			files = (
				DB926683265D314400E794EE /* ProfileWebService.swift in Sources */,
				DB2FD05F265E8816001A6F21 /* Colan_Kart.xcdatamodeld in Sources */,
				DB2FD070265E8EE2001A6F21 /* AuthenticationViewModel.swift in Sources */,
				DB2FCFFB265E4A34001A6F21 /* KartModel.swift in Sources */,
				DB2FD06B265E8DDA001A6F21 /* LoginViewController.swift in Sources */,
				DB2FCFF7265E3810001A6F21 /* KartCell.swift in Sources */,
				DB926681265D2CCE00E794EE /* ProfileModel.swift in Sources */,
				DB926665265D171500E794EE /* ProfileViewController.swift in Sources */,
				DB926661265D171500E794EE /* AppDelegate.swift in Sources */,
				DB2FD002265E7CB7001A6F21 /* MainTabController.swift in Sources */,
				DB2FCFFD265E4B61001A6F21 /* KartViewModel.swift in Sources */,
				DB2FCFFF265E6973001A6F21 /* KartInfoTableViewController.swift in Sources */,
				DB2FD072265E9627001A6F21 /* RegistrationViewController.swift in Sources */,
				DB2FD06E265E8E35001A6F21 /* Extensions.swift in Sources */,
				DB2FCFF3265E2A90001A6F21 /* KartTableViewController.swift in Sources */,
				DB926685265D3C3A00E794EE /* Constants.swift in Sources */,
				DB92667F265D2C8400E794EE /* ProfileViewModel.swift in Sources */,
				DB926663265D171500E794EE /* SceneDelegate.swift in Sources */,
			);
			runOnlyForDeploymentPostprocessing = 0;
		};
/* End PBXSourcesBuildPhase section */

/* Begin PBXVariantGroup section */
		DB926666265D171500E794EE /* Profile.storyboard */ = {
			isa = PBXVariantGroup;
			children = (
				DB926667265D171500E794EE /* Base */,
			);
			name = Profile.storyboard;
			sourceTree = "<group>";
		};
		DB92666B265D171700E794EE /* LaunchScreen.storyboard */ = {
			isa = PBXVariantGroup;
			children = (
				DB92666C265D171700E794EE /* Base */,
			);
			name = LaunchScreen.storyboard;
			sourceTree = "<group>";
		};
/* End PBXVariantGroup section */

/* Begin XCBuildConfiguration section */
		DB92666F265D171700E794EE /* Debug */ = {
			isa = XCBuildConfiguration;
			buildSettings = {
				ALWAYS_SEARCH_USER_PATHS = NO;
				CLANG_ANALYZER_NONNULL = YES;
				CLANG_ANALYZER_NUMBER_OBJECT_CONVERSION = YES_AGGRESSIVE;
				CLANG_CXX_LANGUAGE_STANDARD = "gnu++14";
				CLANG_CXX_LIBRARY = "libc++";
				CLANG_ENABLE_MODULES = YES;
				CLANG_ENABLE_OBJC_ARC = YES;
				CLANG_ENABLE_OBJC_WEAK = YES;
				CLANG_WARN_BLOCK_CAPTURE_AUTORELEASING = YES;
				CLANG_WARN_BOOL_CONVERSION = YES;
				CLANG_WARN_COMMA = YES;
				CLANG_WARN_CONSTANT_CONVERSION = YES;
				CLANG_WARN_DEPRECATED_OBJC_IMPLEMENTATIONS = YES;
				CLANG_WARN_DIRECT_OBJC_ISA_USAGE = YES_ERROR;
				CLANG_WARN_DOCUMENTATION_COMMENTS = YES;
				CLANG_WARN_EMPTY_BODY = YES;
				CLANG_WARN_ENUM_CONVERSION = YES;
				CLANG_WARN_INFINITE_RECURSION = YES;
				CLANG_WARN_INT_CONVERSION = YES;
				CLANG_WARN_NON_LITERAL_NULL_CONVERSION = YES;
				CLANG_WARN_OBJC_IMPLICIT_RETAIN_SELF = YES;
				CLANG_WARN_OBJC_LITERAL_CONVERSION = YES;
				CLANG_WARN_OBJC_ROOT_CLASS = YES_ERROR;
				CLANG_WARN_QUOTED_INCLUDE_IN_FRAMEWORK_HEADER = YES;
				CLANG_WARN_RANGE_LOOP_ANALYSIS = YES;
				CLANG_WARN_STRICT_PROTOTYPES = YES;
				CLANG_WARN_SUSPICIOUS_MOVE = YES;
				CLANG_WARN_UNGUARDED_AVAILABILITY = YES_AGGRESSIVE;
				CLANG_WARN_UNREACHABLE_CODE = YES;
				CLANG_WARN__DUPLICATE_METHOD_MATCH = YES;
				COPY_PHASE_STRIP = NO;
				DEBUG_INFORMATION_FORMAT = dwarf;
				ENABLE_STRICT_OBJC_MSGSEND = YES;
				ENABLE_TESTABILITY = YES;
				GCC_C_LANGUAGE_STANDARD = gnu11;
				GCC_DYNAMIC_NO_PIC = NO;
				GCC_NO_COMMON_BLOCKS = YES;
				GCC_OPTIMIZATION_LEVEL = 0;
				GCC_PREPROCESSOR_DEFINITIONS = (
					"DEBUG=1",
					"$(inherited)",
				);
				GCC_WARN_64_TO_32_BIT_CONVERSION = YES;
				GCC_WARN_ABOUT_RETURN_TYPE = YES_ERROR;
				GCC_WARN_UNDECLARED_SELECTOR = YES;
				GCC_WARN_UNINITIALIZED_AUTOS = YES_AGGRESSIVE;
				GCC_WARN_UNUSED_FUNCTION = YES;
				GCC_WARN_UNUSED_VARIABLE = YES;
				IPHONEOS_DEPLOYMENT_TARGET = 14.5;
				MTL_ENABLE_DEBUG_INFO = INCLUDE_SOURCE;
				MTL_FAST_MATH = YES;
				ONLY_ACTIVE_ARCH = YES;
				SDKROOT = iphoneos;
				SWIFT_ACTIVE_COMPILATION_CONDITIONS = DEBUG;
				SWIFT_OPTIMIZATION_LEVEL = "-Onone";
			};
			name = Debug;
		};
		DB926670265D171700E794EE /* Release */ = {
			isa = XCBuildConfiguration;
			buildSettings = {
				ALWAYS_SEARCH_USER_PATHS = NO;
				CLANG_ANALYZER_NONNULL = YES;
				CLANG_ANALYZER_NUMBER_OBJECT_CONVERSION = YES_AGGRESSIVE;
				CLANG_CXX_LANGUAGE_STANDARD = "gnu++14";
				CLANG_CXX_LIBRARY = "libc++";
				CLANG_ENABLE_MODULES = YES;
				CLANG_ENABLE_OBJC_ARC = YES;
				CLANG_ENABLE_OBJC_WEAK = YES;
				CLANG_WARN_BLOCK_CAPTURE_AUTORELEASING = YES;
				CLANG_WARN_BOOL_CONVERSION = YES;
				CLANG_WARN_COMMA = YES;
				CLANG_WARN_CONSTANT_CONVERSION = YES;
				CLANG_WARN_DEPRECATED_OBJC_IMPLEMENTATIONS = YES;
				CLANG_WARN_DIRECT_OBJC_ISA_USAGE = YES_ERROR;
				CLANG_WARN_DOCUMENTATION_COMMENTS = YES;
				CLANG_WARN_EMPTY_BODY = YES;
				CLANG_WARN_ENUM_CONVERSION = YES;
				CLANG_WARN_INFINITE_RECURSION = YES;
				CLANG_WARN_INT_CONVERSION = YES;
				CLANG_WARN_NON_LITERAL_NULL_CONVERSION = YES;
				CLANG_WARN_OBJC_IMPLICIT_RETAIN_SELF = YES;
				CLANG_WARN_OBJC_LITERAL_CONVERSION = YES;
				CLANG_WARN_OBJC_ROOT_CLASS = YES_ERROR;
				CLANG_WARN_QUOTED_INCLUDE_IN_FRAMEWORK_HEADER = YES;
				CLANG_WARN_RANGE_LOOP_ANALYSIS = YES;
				CLANG_WARN_STRICT_PROTOTYPES = YES;
				CLANG_WARN_SUSPICIOUS_MOVE = YES;
				CLANG_WARN_UNGUARDED_AVAILABILITY = YES_AGGRESSIVE;
				CLANG_WARN_UNREACHABLE_CODE = YES;
				CLANG_WARN__DUPLICATE_METHOD_MATCH = YES;
				COPY_PHASE_STRIP = NO;
				DEBUG_INFORMATION_FORMAT = "dwarf-with-dsym";
				ENABLE_NS_ASSERTIONS = NO;
				ENABLE_STRICT_OBJC_MSGSEND = YES;
				GCC_C_LANGUAGE_STANDARD = gnu11;
				GCC_NO_COMMON_BLOCKS = YES;
				GCC_WARN_64_TO_32_BIT_CONVERSION = YES;
				GCC_WARN_ABOUT_RETURN_TYPE = YES_ERROR;
				GCC_WARN_UNDECLARED_SELECTOR = YES;
				GCC_WARN_UNINITIALIZED_AUTOS = YES_AGGRESSIVE;
				GCC_WARN_UNUSED_FUNCTION = YES;
				GCC_WARN_UNUSED_VARIABLE = YES;
				IPHONEOS_DEPLOYMENT_TARGET = 14.5;
				MTL_ENABLE_DEBUG_INFO = NO;
				MTL_FAST_MATH = YES;
				SDKROOT = iphoneos;
				SWIFT_COMPILATION_MODE = wholemodule;
				SWIFT_OPTIMIZATION_LEVEL = "-O";
				VALIDATE_PRODUCT = YES;
			};
			name = Release;
		};
		DB926672265D171700E794EE /* Debug */ = {
			isa = XCBuildConfiguration;
			buildSettings = {
				ASSETCATALOG_COMPILER_APPICON_NAME = AppIcon;
				ASSETCATALOG_COMPILER_GLOBAL_ACCENT_COLOR_NAME = AccentColor;
				CODE_SIGN_STYLE = Automatic;
				DEVELOPMENT_TEAM = 4RY75X5YM8;
				INFOPLIST_FILE = Colan_Kart/Info.plist;
				LD_RUNPATH_SEARCH_PATHS = (
					"$(inherited)",
					"@executable_path/Frameworks",
				);
				PRODUCT_BUNDLE_IDENTIFIER = "co.arunachalam.Colan-Kart";
				PRODUCT_NAME = "$(TARGET_NAME)";
				SWIFT_VERSION = 5.0;
				TARGETED_DEVICE_FAMILY = "1,2";
			};
			name = Debug;
		};
		DB926673265D171700E794EE /* Release */ = {
			isa = XCBuildConfiguration;
			buildSettings = {
				ASSETCATALOG_COMPILER_APPICON_NAME = AppIcon;
				ASSETCATALOG_COMPILER_GLOBAL_ACCENT_COLOR_NAME = AccentColor;
				CODE_SIGN_STYLE = Automatic;
				DEVELOPMENT_TEAM = 4RY75X5YM8;
				INFOPLIST_FILE = Colan_Kart/Info.plist;
				LD_RUNPATH_SEARCH_PATHS = (
					"$(inherited)",
					"@executable_path/Frameworks",
				);
				PRODUCT_BUNDLE_IDENTIFIER = "co.arunachalam.Colan-Kart";
				PRODUCT_NAME = "$(TARGET_NAME)";
				SWIFT_VERSION = 5.0;
				TARGETED_DEVICE_FAMILY = "1,2";
			};
			name = Release;
		};
/* End XCBuildConfiguration section */

/* Begin XCConfigurationList section */
		DB926658265D171500E794EE /* Build configuration list for PBXProject "Colan_Kart" */ = {
			isa = XCConfigurationList;
			buildConfigurations = (
				DB92666F265D171700E794EE /* Debug */,
				DB926670265D171700E794EE /* Release */,
			);
			defaultConfigurationIsVisible = 0;
			defaultConfigurationName = Release;
		};
		DB926671265D171700E794EE /* Build configuration list for PBXNativeTarget "Colan_Kart" */ = {
			isa = XCConfigurationList;
			buildConfigurations = (
				DB926672265D171700E794EE /* Debug */,
				DB926673265D171700E794EE /* Release */,
			);
			defaultConfigurationIsVisible = 0;
			defaultConfigurationName = Release;
		};
/* End XCConfigurationList section */

/* Begin XCVersionGroup section */
		DB2FD05D265E8816001A6F21 /* Colan_Kart.xcdatamodeld */ = {
			isa = XCVersionGroup;
			children = (
				DB2FD05E265E8816001A6F21 /* Colan_Kart.xcdatamodel */,
			);
			currentVersion = DB2FD05E265E8816001A6F21 /* Colan_Kart.xcdatamodel */;
			path = Colan_Kart.xcdatamodeld;
			sourceTree = "<group>";
			versionGroupType = wrapper.xcdatamodel;
		};
/* End XCVersionGroup section */
	};
	rootObject = DB926655265D171500E794EE /* Project object */;
}
